{
  "name": "nn_verbose_input",
  "version": "1.0.0",
  "lockfileVersion": 1,
  "requires": true,
  "dependencies": {
    "too-wordy": {
      "version": "0.2.2",
      "resolved": "https://registry.npmjs.org/too-wordy/-/too-wordy-0.2.2.tgz",
      "integrity": "sha512-ePZfjs1ajL4b8jT4MeVId+9Ci5hJCzAtNIEXIHyFYmKmQuX+eHC/RNv6tuLMUhrGrhJ+sYWW/lBF/LKILHGZEA=="
    }
  }
}
